
Microsoft Visual Studio Solution File, Format Version 12.00
# Visual Studio Version 17
VisualStudioVersion = 17.4.33205.214
MinimumVisualStudioVersion = 10.0.40219.1
Project("{F184B08F-C81C-45F6-A57F-5ABD9991F28F}") = "OFKCOCYOUTH", "OFKCOCYOUTH\OFKCOCYOUTH.vbproj", "{3EDEFA45-CFD4-4652-90F3-E7EF75354E88}"
EndProject
Global
	GlobalSection(SolutionConfigurationPlatforms) = preSolution
		Debug|Any CPU = Debug|Any CPU
		Release|Any CPU = Release|Any CPU
	EndGlobalSection
	GlobalSection(ProjectConfigurationPlatforms) = postSolution
		{3EDEFA45-CFD4-4652-90F3-E7EF75354E88}.Debug|Any CPU.ActiveCfg = Release|Any CPU
		{3EDEFA45-CFD4-4652-90F3-E7EF75354E88}.Debug|Any CPU.Build.0 = Release|Any CPU
		{3EDEFA45-CFD4-4652-90F3-E7EF75354E88}.Release|Any CPU.ActiveCfg = Release|Any CPU
		{3EDEFA45-CFD4-4652-90F3-E7EF75354E88}.Release|Any CPU.Build.0 = Release|Any CPU
	EndGlobalSection
	GlobalSection(SolutionProperties) = preSolution
		HideSolutionNode = FALSE
	EndGlobalSection
	GlobalSection(ExtensibilityGlobals) = postSolution
		SolutionGuid = {918B4018-6833-4C84-B001-865C9ACD0822}
	EndGlobalSection
EndGlobal
